
Microsoft Visual Studio Solution File, Format Version 12.00
# Visual Studio Version 16
VisualStudioVersion = 16.6.30114.105
MinimumVisualStudioVersion = 10.0.40219.1
Project("{FAE04EC0-301F-11D3-BF4B-00C04F79EFBC}") = "VietBuddy.Web", "VietBuddy.Web\VietBuddy.Web.csproj", "{0C4BC8EF-5A47-412F-93D5-08B4CF7978E7}"
EndProject
Project("{FAE04EC0-301F-11D3-BF4B-00C04F79EFBC}") = "VietBuddy.Shared", "VietBuddy.Shared\VietBuddy.Shared.csproj", "{04B63272-3996-4E6E-890B-D6A8F5F911A9}"
EndProject
Project("{FAE04EC0-301F-11D3-BF4B-00C04F79EFBC}") = "VietBuddy.Sandbox", "VietBuddy.Sandbox\VietBuddy.Sandbox.csproj", "{20D18A91-1AC2-47B6-A3B8-AE35C26A290C}"
EndProject
Project("{FAE04EC0-301F-11D3-BF4B-00C04F79EFBC}") = "VietBuddy.Components", "VietBuddy.Components\VietBuddy.Components.csproj", "{CFE6B843-2668-4587-AAD8-3A1287CA4C0F}"
EndProject
Project("{FAE04EC0-301F-11D3-BF4B-00C04F79EFBC}") = "VietBuddy.Demo", "VietBuddy.Demo\VietBuddy.Demo.csproj", "{C3FA5422-31F9-444B-99F7-5808CBF79E5A}"
EndProject
Global
	GlobalSection(SolutionConfigurationPlatforms) = preSolution
		Debug|Any CPU = Debug|Any CPU
		Debug|x64 = Debug|x64
		Debug|x86 = Debug|x86
		Release|Any CPU = Release|Any CPU
		Release|x64 = Release|x64
		Release|x86 = Release|x86
	EndGlobalSection
	GlobalSection(SolutionProperties) = preSolution
		HideSolutionNode = FALSE
	EndGlobalSection
	GlobalSection(ProjectConfigurationPlatforms) = postSolution
		{0C4BC8EF-5A47-412F-93D5-08B4CF7978E7}.Debug|Any CPU.ActiveCfg = Debug|Any CPU
		{0C4BC8EF-5A47-412F-93D5-08B4CF7978E7}.Debug|Any CPU.Build.0 = Debug|Any CPU
		{0C4BC8EF-5A47-412F-93D5-08B4CF7978E7}.Debug|x64.ActiveCfg = Debug|Any CPU
		{0C4BC8EF-5A47-412F-93D5-08B4CF7978E7}.Debug|x64.Build.0 = Debug|Any CPU
		{0C4BC8EF-5A47-412F-93D5-08B4CF7978E7}.Debug|x86.ActiveCfg = Debug|Any CPU
		{0C4BC8EF-5A47-412F-93D5-08B4CF7978E7}.Debug|x86.Build.0 = Debug|Any CPU
		{0C4BC8EF-5A47-412F-93D5-08B4CF7978E7}.Release|Any CPU.ActiveCfg = Release|Any CPU
		{0C4BC8EF-5A47-412F-93D5-08B4CF7978E7}.Release|Any CPU.Build.0 = Release|Any CPU
		{0C4BC8EF-5A47-412F-93D5-08B4CF7978E7}.Release|x64.ActiveCfg = Release|Any CPU
		{0C4BC8EF-5A47-412F-93D5-08B4CF7978E7}.Release|x64.Build.0 = Release|Any CPU
		{0C4BC8EF-5A47-412F-93D5-08B4CF7978E7}.Release|x86.ActiveCfg = Release|Any CPU
		{0C4BC8EF-5A47-412F-93D5-08B4CF7978E7}.Release|x86.Build.0 = Release|Any CPU
		{04B63272-3996-4E6E-890B-D6A8F5F911A9}.Debug|Any CPU.ActiveCfg = Debug|Any CPU
		{04B63272-3996-4E6E-890B-D6A8F5F911A9}.Debug|Any CPU.Build.0 = Debug|Any CPU
		{04B63272-3996-4E6E-890B-D6A8F5F911A9}.Debug|x64.ActiveCfg = Debug|Any CPU
		{04B63272-3996-4E6E-890B-D6A8F5F911A9}.Debug|x64.Build.0 = Debug|Any CPU
		{04B63272-3996-4E6E-890B-D6A8F5F911A9}.Debug|x86.ActiveCfg = Debug|Any CPU
		{04B63272-3996-4E6E-890B-D6A8F5F911A9}.Debug|x86.Build.0 = Debug|Any CPU
		{04B63272-3996-4E6E-890B-D6A8F5F911A9}.Release|Any CPU.ActiveCfg = Release|Any CPU
		{04B63272-3996-4E6E-890B-D6A8F5F911A9}.Release|Any CPU.Build.0 = Release|Any CPU
		{04B63272-3996-4E6E-890B-D6A8F5F911A9}.Release|x64.ActiveCfg = Release|Any CPU
		{04B63272-3996-4E6E-890B-D6A8F5F911A9}.Release|x64.Build.0 = Release|Any CPU
		{04B63272-3996-4E6E-890B-D6A8F5F911A9}.Release|x86.ActiveCfg = Release|Any CPU
		{04B63272-3996-4E6E-890B-D6A8F5F911A9}.Release|x86.Build.0 = Release|Any CPU
		{20D18A91-1AC2-47B6-A3B8-AE35C26A290C}.Debug|Any CPU.ActiveCfg = Debug|Any CPU
		{20D18A91-1AC2-47B6-A3B8-AE35C26A290C}.Debug|Any CPU.Build.0 = Debug|Any CPU
		{20D18A91-1AC2-47B6-A3B8-AE35C26A290C}.Debug|x64.ActiveCfg = Debug|Any CPU
		{20D18A91-1AC2-47B6-A3B8-AE35C26A290C}.Debug|x64.Build.0 = Debug|Any CPU
		{20D18A91-1AC2-47B6-A3B8-AE35C26A290C}.Debug|x86.ActiveCfg = Debug|Any CPU
		{20D18A91-1AC2-47B6-A3B8-AE35C26A290C}.Debug|x86.Build.0 = Debug|Any CPU
		{20D18A91-1AC2-47B6-A3B8-AE35C26A290C}.Release|Any CPU.ActiveCfg = Release|Any CPU
		{20D18A91-1AC2-47B6-A3B8-AE35C26A290C}.Release|Any CPU.Build.0 = Release|Any CPU
		{20D18A91-1AC2-47B6-A3B8-AE35C26A290C}.Release|x64.ActiveCfg = Release|Any CPU
		{20D18A91-1AC2-47B6-A3B8-AE35C26A290C}.Release|x64.Build.0 = Release|Any CPU
		{20D18A91-1AC2-47B6-A3B8-AE35C26A290C}.Release|x86.ActiveCfg = Release|Any CPU
		{20D18A91-1AC2-47B6-A3B8-AE35C26A290C}.Release|x86.Build.0 = Release|Any CPU
		{CFE6B843-2668-4587-AAD8-3A1287CA4C0F}.Debug|Any CPU.ActiveCfg = Debug|Any CPU
		{CFE6B843-2668-4587-AAD8-3A1287CA4C0F}.Debug|Any CPU.Build.0 = Debug|Any CPU
		{CFE6B843-2668-4587-AAD8-3A1287CA4C0F}.Debug|x64.ActiveCfg = Debug|Any CPU
		{CFE6B843-2668-4587-AAD8-3A1287CA4C0F}.Debug|x64.Build.0 = Debug|Any CPU
		{CFE6B843-2668-4587-AAD8-3A1287CA4C0F}.Debug|x86.ActiveCfg = Debug|Any CPU
		{CFE6B843-2668-4587-AAD8-3A1287CA4C0F}.Debug|x86.Build.0 = Debug|Any CPU
		{CFE6B843-2668-4587-AAD8-3A1287CA4C0F}.Release|Any CPU.ActiveCfg = Release|Any CPU
		{CFE6B843-2668-4587-AAD8-3A1287CA4C0F}.Release|Any CPU.Build.0 = Release|Any CPU
		{CFE6B843-2668-4587-AAD8-3A1287CA4C0F}.Release|x64.ActiveCfg = Release|Any CPU
		{CFE6B843-2668-4587-AAD8-3A1287CA4C0F}.Release|x64.Build.0 = Release|Any CPU
		{CFE6B843-2668-4587-AAD8-3A1287CA4C0F}.Release|x86.ActiveCfg = Release|Any CPU
		{CFE6B843-2668-4587-AAD8-3A1287CA4C0F}.Release|x86.Build.0 = Release|Any CPU
		{C3FA5422-31F9-444B-99F7-5808CBF79E5A}.Debug|Any CPU.ActiveCfg = Debug|Any CPU
		{C3FA5422-31F9-444B-99F7-5808CBF79E5A}.Debug|Any CPU.Build.0 = Debug|Any CPU
		{C3FA5422-31F9-444B-99F7-5808CBF79E5A}.Debug|x64.ActiveCfg = Debug|Any CPU
		{C3FA5422-31F9-444B-99F7-5808CBF79E5A}.Debug|x64.Build.0 = Debug|Any CPU
		{C3FA5422-31F9-444B-99F7-5808CBF79E5A}.Debug|x86.ActiveCfg = Debug|Any CPU
		{C3FA5422-31F9-444B-99F7-5808CBF79E5A}.Debug|x86.Build.0 = Debug|Any CPU
		{C3FA5422-31F9-444B-99F7-5808CBF79E5A}.Release|Any CPU.ActiveCfg = Release|Any CPU
		{C3FA5422-31F9-444B-99F7-5808CBF79E5A}.Release|Any CPU.Build.0 = Release|Any CPU
		{C3FA5422-31F9-444B-99F7-5808CBF79E5A}.Release|x64.ActiveCfg = Release|Any CPU
		{C3FA5422-31F9-444B-99F7-5808CBF79E5A}.Release|x64.Build.0 = Release|Any CPU
		{C3FA5422-31F9-444B-99F7-5808CBF79E5A}.Release|x86.ActiveCfg = Release|Any CPU
		{C3FA5422-31F9-444B-99F7-5808CBF79E5A}.Release|x86.Build.0 = Release|Any CPU
	EndGlobalSection
EndGlobal
